
Microsoft Visual Studio Solution File, Format Version 12.00
# Visual Studio 2013
VisualStudioVersion = 12.0.21005.1
MinimumVisualStudioVersion = 10.0.40219.1
Project("{FAE04EC0-301F-11D3-BF4B-00C04F79EFBC}") = "P01-Declare Variables", "Primitive Data Types and Variables\P01-Declare Variables.csproj", "{570B69F1-DE1C-4B44-BA7B-97E6F417ACDE}"
EndProject
Project("{FAE04EC0-301F-11D3-BF4B-00C04F79EFBC}") = "P02-FloatOrDouble", "P02-FloatOrDouble\P02-FloatOrDouble.csproj", "{09B70BF4-E845-4E66-A632-AC5B2DFB9400}"
EndProject
Project("{FAE04EC0-301F-11D3-BF4B-00C04F79EFBC}") = "P03-VariableInHexadecimalFormat", "P03-VariableInHexadecimalFormat\P03-VariableInHexadecimalFormat.csproj", "{D385E138-4A3A-4AE1-A9CD-6EB5BE9B06B7}"
EndProject
Project("{FAE04EC0-301F-11D3-BF4B-00C04F79EFBC}") = "P04-UnicodeCharacter", "P04-UnicodeCharacter\P04-UnicodeCharacter.csproj", "{28F698B5-B313-4963-A27A-312FAB9A1DE9}"
EndProject
Project("{FAE04EC0-301F-11D3-BF4B-00C04F79EFBC}") = "P05-BooleanVariable", "P05-BooleanVariable\P05-BooleanVariable.csproj", "{94A483C7-07FE-4576-9E03-AC7296D873A7}"
EndProject
Project("{FAE04EC0-301F-11D3-BF4B-00C04F79EFBC}") = "P06-StringsAndObjects", "P06-StringsAndObjects\P06-StringsAndObjects.csproj", "{5A04A1D9-3244-4181-B49A-15F486E02688}"
EndProject
Project("{FAE04EC0-301F-11D3-BF4B-00C04F79EFBC}") = "P07-QuotesInStrings", "P07-QuotesInStrings\P07-QuotesInStrings.csproj", "{98C417F8-691D-4087-B836-7B3E6DF1B833}"
EndProject
Project("{FAE04EC0-301F-11D3-BF4B-00C04F79EFBC}") = "P08-IsoscelesTriangle", "P08-IsoscelesTriangle\P08-IsoscelesTriangle.csproj", "{F5786B25-A2A1-4B8C-AAD4-DF45CE7AFDA2}"
EndProject
Project("{FAE04EC0-301F-11D3-BF4B-00C04F79EFBC}") = "P09-ExchangeVariableValues", "P09-ExchangeVariableValues\P09-ExchangeVariableValues.csproj", "{0631FA6F-9400-447D-95C9-E16BCB1EF925}"
EndProject
Project("{FAE04EC0-301F-11D3-BF4B-00C04F79EFBC}") = "P10-EmployeeData", "P10-Employee Data\P10-EmployeeData.csproj", "{02D551BB-53FC-4DB8-A8D0-0BA0C09AF59A}"
EndProject
Project("{FAE04EC0-301F-11D3-BF4B-00C04F79EFBC}") = "P12-NullValuesArithmetic", "P12-NullValuesArithmetic\P12-NullValuesArithmetic.csproj", "{B0BA488B-47A9-4F60-BF19-769143BDBF84}"
EndProject
Project("{FAE04EC0-301F-11D3-BF4B-00C04F79EFBC}") = "P13-ComparingFloats", "P13-Comparing Floats\P13-ComparingFloats.csproj", "{451EC63B-21B6-43DB-8A6D-FF4DE6055687}"
EndProject
Project("{FAE04EC0-301F-11D3-BF4B-00C04F79EFBC}") = "P14-PrintTheASCIITable", "P14-PrintTheASCIITable\P14-PrintTheASCIITable.csproj", "{4E1469E6-8351-455B-A774-7E3E484B9C67}"
EndProject
Project("{FAE04EC0-301F-11D3-BF4B-00C04F79EFBC}") = "P15-JoroTheFootballPlayer", "P15-JoroTheFootballPlayer\P15-JoroTheFootballPlayer.csproj", "{7E008DEF-78CC-4145-BD0C-9AA7A1F8ABE4}"
EndProject
Project("{FAE04EC0-301F-11D3-BF4B-00C04F79EFBC}") = "P16-HalfSum", "P16-HalfSum\P16-HalfSum.csproj", "{2A2A5AE6-9B89-4626-AF30-524F45BA8178}"
EndProject
Project("{FAE04EC0-301F-11D3-BF4B-00C04F79EFBC}") = "P17-Sunglasses", "P17-Sunglasses\P17-Sunglasses.csproj", "{16472375-6427-402E-9760-F1FFE9493179}"
EndProject
Project("{FAE04EC0-301F-11D3-BF4B-00C04F79EFBC}") = "P18-NineDigitMagicNumbers", "P18-NineDigitMagicNumbers\P18-NineDigitMagicNumbers.csproj", "{E78854EC-933D-4CC1-A847-A5CBD08A8A17}"
EndProject
Project("{FAE04EC0-301F-11D3-BF4B-00C04F79EFBC}") = "P19-BitsInverter", "P19-BitsInverter\P19-BitsInverter.csproj", "{B2642D5C-6043-4151-B66F-29FC126F4447}"
EndProject
Global
	GlobalSection(SolutionConfigurationPlatforms) = preSolution
		Debug|Any CPU = Debug|Any CPU
		Release|Any CPU = Release|Any CPU
	EndGlobalSection
	GlobalSection(ProjectConfigurationPlatforms) = postSolution
		{570B69F1-DE1C-4B44-BA7B-97E6F417ACDE}.Debug|Any CPU.ActiveCfg = Debug|Any CPU
		{570B69F1-DE1C-4B44-BA7B-97E6F417ACDE}.Debug|Any CPU.Build.0 = Debug|Any CPU
		{570B69F1-DE1C-4B44-BA7B-97E6F417ACDE}.Release|Any CPU.ActiveCfg = Release|Any CPU
		{570B69F1-DE1C-4B44-BA7B-97E6F417ACDE}.Release|Any CPU.Build.0 = Release|Any CPU
		{09B70BF4-E845-4E66-A632-AC5B2DFB9400}.Debug|Any CPU.ActiveCfg = Debug|Any CPU
		{09B70BF4-E845-4E66-A632-AC5B2DFB9400}.Debug|Any CPU.Build.0 = Debug|Any CPU
		{09B70BF4-E845-4E66-A632-AC5B2DFB9400}.Release|Any CPU.ActiveCfg = Release|Any CPU
		{09B70BF4-E845-4E66-A632-AC5B2DFB9400}.Release|Any CPU.Build.0 = Release|Any CPU
		{D385E138-4A3A-4AE1-A9CD-6EB5BE9B06B7}.Debug|Any CPU.ActiveCfg = Debug|Any CPU
		{D385E138-4A3A-4AE1-A9CD-6EB5BE9B06B7}.Debug|Any CPU.Build.0 = Debug|Any CPU
		{D385E138-4A3A-4AE1-A9CD-6EB5BE9B06B7}.Release|Any CPU.ActiveCfg = Release|Any CPU
		{D385E138-4A3A-4AE1-A9CD-6EB5BE9B06B7}.Release|Any CPU.Build.0 = Release|Any CPU
		{28F698B5-B313-4963-A27A-312FAB9A1DE9}.Debug|Any CPU.ActiveCfg = Debug|Any CPU
		{28F698B5-B313-4963-A27A-312FAB9A1DE9}.Debug|Any CPU.Build.0 = Debug|Any CPU
		{28F698B5-B313-4963-A27A-312FAB9A1DE9}.Release|Any CPU.ActiveCfg = Release|Any CPU
		{28F698B5-B313-4963-A27A-312FAB9A1DE9}.Release|Any CPU.Build.0 = Release|Any CPU
		{94A483C7-07FE-4576-9E03-AC7296D873A7}.Debug|Any CPU.ActiveCfg = Debug|Any CPU
		{94A483C7-07FE-4576-9E03-AC7296D873A7}.Debug|Any CPU.Build.0 = Debug|Any CPU
		{94A483C7-07FE-4576-9E03-AC7296D873A7}.Release|Any CPU.ActiveCfg = Release|Any CPU
		{94A483C7-07FE-4576-9E03-AC7296D873A7}.Release|Any CPU.Build.0 = Release|Any CPU
		{5A04A1D9-3244-4181-B49A-15F486E02688}.Debug|Any CPU.ActiveCfg = Debug|Any CPU
		{5A04A1D9-3244-4181-B49A-15F486E02688}.Debug|Any CPU.Build.0 = Debug|Any CPU
		{5A04A1D9-3244-4181-B49A-15F486E02688}.Release|Any CPU.ActiveCfg = Release|Any CPU
		{5A04A1D9-3244-4181-B49A-15F486E02688}.Release|Any CPU.Build.0 = Release|Any CPU
		{98C417F8-691D-4087-B836-7B3E6DF1B833}.Debug|Any CPU.ActiveCfg = Debug|Any CPU
		{98C417F8-691D-4087-B836-7B3E6DF1B833}.Debug|Any CPU.Build.0 = Debug|Any CPU
		{98C417F8-691D-4087-B836-7B3E6DF1B833}.Release|Any CPU.ActiveCfg = Release|Any CPU
		{98C417F8-691D-4087-B836-7B3E6DF1B833}.Release|Any CPU.Build.0 = Release|Any CPU
		{F5786B25-A2A1-4B8C-AAD4-DF45CE7AFDA2}.Debug|Any CPU.ActiveCfg = Debug|Any CPU
		{F5786B25-A2A1-4B8C-AAD4-DF45CE7AFDA2}.Debug|Any CPU.Build.0 = Debug|Any CPU
		{F5786B25-A2A1-4B8C-AAD4-DF45CE7AFDA2}.Release|Any CPU.ActiveCfg = Release|Any CPU
		{F5786B25-A2A1-4B8C-AAD4-DF45CE7AFDA2}.Release|Any CPU.Build.0 = Release|Any CPU
		{0631FA6F-9400-447D-95C9-E16BCB1EF925}.Debug|Any CPU.ActiveCfg = Debug|Any CPU
		{0631FA6F-9400-447D-95C9-E16BCB1EF925}.Debug|Any CPU.Build.0 = Debug|Any CPU
		{0631FA6F-9400-447D-95C9-E16BCB1EF925}.Release|Any CPU.ActiveCfg = Release|Any CPU
		{0631FA6F-9400-447D-95C9-E16BCB1EF925}.Release|Any CPU.Build.0 = Release|Any CPU
		{02D551BB-53FC-4DB8-A8D0-0BA0C09AF59A}.Debug|Any CPU.ActiveCfg = Debug|Any CPU
		{02D551BB-53FC-4DB8-A8D0-0BA0C09AF59A}.Debug|Any CPU.Build.0 = Debug|Any CPU
		{02D551BB-53FC-4DB8-A8D0-0BA0C09AF59A}.Release|Any CPU.ActiveCfg = Release|Any CPU
		{02D551BB-53FC-4DB8-A8D0-0BA0C09AF59A}.Release|Any CPU.Build.0 = Release|Any CPU
		{B0BA488B-47A9-4F60-BF19-769143BDBF84}.Debug|Any CPU.ActiveCfg = Debug|Any CPU
		{B0BA488B-47A9-4F60-BF19-769143BDBF84}.Debug|Any CPU.Build.0 = Debug|Any CPU
		{B0BA488B-47A9-4F60-BF19-769143BDBF84}.Release|Any CPU.ActiveCfg = Release|Any CPU
		{B0BA488B-47A9-4F60-BF19-769143BDBF84}.Release|Any CPU.Build.0 = Release|Any CPU
		{451EC63B-21B6-43DB-8A6D-FF4DE6055687}.Debug|Any CPU.ActiveCfg = Debug|Any CPU
		{451EC63B-21B6-43DB-8A6D-FF4DE6055687}.Debug|Any CPU.Build.0 = Debug|Any CPU
		{451EC63B-21B6-43DB-8A6D-FF4DE6055687}.Release|Any CPU.ActiveCfg = Release|Any CPU
		{451EC63B-21B6-43DB-8A6D-FF4DE6055687}.Release|Any CPU.Build.0 = Release|Any CPU
		{4E1469E6-8351-455B-A774-7E3E484B9C67}.Debug|Any CPU.ActiveCfg = Debug|Any CPU
		{4E1469E6-8351-455B-A774-7E3E484B9C67}.Debug|Any CPU.Build.0 = Debug|Any CPU
		{4E1469E6-8351-455B-A774-7E3E484B9C67}.Release|Any CPU.ActiveCfg = Release|Any CPU
		{4E1469E6-8351-455B-A774-7E3E484B9C67}.Release|Any CPU.Build.0 = Release|Any CPU
		{7E008DEF-78CC-4145-BD0C-9AA7A1F8ABE4}.Debug|Any CPU.ActiveCfg = Debug|Any CPU
		{7E008DEF-78CC-4145-BD0C-9AA7A1F8ABE4}.Debug|Any CPU.Build.0 = Debug|Any CPU
		{7E008DEF-78CC-4145-BD0C-9AA7A1F8ABE4}.Release|Any CPU.ActiveCfg = Release|Any CPU
		{7E008DEF-78CC-4145-BD0C-9AA7A1F8ABE4}.Release|Any CPU.Build.0 = Release|Any CPU
		{2A2A5AE6-9B89-4626-AF30-524F45BA8178}.Debug|Any CPU.ActiveCfg = Debug|Any CPU
		{2A2A5AE6-9B89-4626-AF30-524F45BA8178}.Debug|Any CPU.Build.0 = Debug|Any CPU
		{2A2A5AE6-9B89-4626-AF30-524F45BA8178}.Release|Any CPU.ActiveCfg = Release|Any CPU
		{2A2A5AE6-9B89-4626-AF30-524F45BA8178}.Release|Any CPU.Build.0 = Release|Any CPU
		{16472375-6427-402E-9760-F1FFE9493179}.Debug|Any CPU.ActiveCfg = Debug|Any CPU
		{16472375-6427-402E-9760-F1FFE9493179}.Debug|Any CPU.Build.0 = Debug|Any CPU
		{16472375-6427-402E-9760-F1FFE9493179}.Release|Any CPU.ActiveCfg = Release|Any CPU
		{16472375-6427-402E-9760-F1FFE9493179}.Release|Any CPU.Build.0 = Release|Any CPU
		{E78854EC-933D-4CC1-A847-A5CBD08A8A17}.Debug|Any CPU.ActiveCfg = Debug|Any CPU
		{E78854EC-933D-4CC1-A847-A5CBD08A8A17}.Debug|Any CPU.Build.0 = Debug|Any CPU
		{E78854EC-933D-4CC1-A847-A5CBD08A8A17}.Release|Any CPU.ActiveCfg = Release|Any CPU
		{E78854EC-933D-4CC1-A847-A5CBD08A8A17}.Release|Any CPU.Build.0 = Release|Any CPU
		{B2642D5C-6043-4151-B66F-29FC126F4447}.Debug|Any CPU.ActiveCfg = Debug|Any CPU
		{B2642D5C-6043-4151-B66F-29FC126F4447}.Debug|Any CPU.Build.0 = Debug|Any CPU
		{B2642D5C-6043-4151-B66F-29FC126F4447}.Release|Any CPU.ActiveCfg = Release|Any CPU
		{B2642D5C-6043-4151-B66F-29FC126F4447}.Release|Any CPU.Build.0 = Release|Any CPU
	EndGlobalSection
	GlobalSection(SolutionProperties) = preSolution
		HideSolutionNode = FALSE
	EndGlobalSection
EndGlobal
