
Microsoft Visual Studio Solution File, Format Version 12.00
# Visual Studio 2013
VisualStudioVersion = 12.0.21005.1
MinimumVisualStudioVersion = 10.0.40219.1
Project("{FAE04EC0-301F-11D3-BF4B-00C04F79EFBC}") = "P01-Point3D", "P01-Point3D\P01-Point3D.csproj", "{C66564CE-5284-497C-A454-A5CC958AA01C}"
EndProject
Project("{FAE04EC0-301F-11D3-BF4B-00C04F79EFBC}") = "P02-DistanceCalculator", "P02-DistanceCalculator\P02-DistanceCalculator.csproj", "{C447EFB1-A621-451F-A01F-B8553F555267}"
EndProject
Project("{FAE04EC0-301F-11D3-BF4B-00C04F79EFBC}") = "P03-Paths", "P03-Paths\P03-Paths.csproj", "{25C9C8AF-6495-4D01-9D18-4C53CECC2D2D}"
EndProject
Project("{FAE04EC0-301F-11D3-BF4B-00C04F79EFBC}") = "P04-Namespaces", "P04-Namespaces\P04-Namespaces.csproj", "{4608DE7D-F109-48CB-9634-E63AC8BE032C}"
EndProject
Global
	GlobalSection(SolutionConfigurationPlatforms) = preSolution
		Debug|Any CPU = Debug|Any CPU
		Release|Any CPU = Release|Any CPU
	EndGlobalSection
	GlobalSection(ProjectConfigurationPlatforms) = postSolution
		{C66564CE-5284-497C-A454-A5CC958AA01C}.Debug|Any CPU.ActiveCfg = Debug|Any CPU
		{C66564CE-5284-497C-A454-A5CC958AA01C}.Debug|Any CPU.Build.0 = Debug|Any CPU
		{C66564CE-5284-497C-A454-A5CC958AA01C}.Release|Any CPU.ActiveCfg = Release|Any CPU
		{C66564CE-5284-497C-A454-A5CC958AA01C}.Release|Any CPU.Build.0 = Release|Any CPU
		{C447EFB1-A621-451F-A01F-B8553F555267}.Debug|Any CPU.ActiveCfg = Debug|Any CPU
		{C447EFB1-A621-451F-A01F-B8553F555267}.Debug|Any CPU.Build.0 = Debug|Any CPU
		{C447EFB1-A621-451F-A01F-B8553F555267}.Release|Any CPU.ActiveCfg = Release|Any CPU
		{C447EFB1-A621-451F-A01F-B8553F555267}.Release|Any CPU.Build.0 = Release|Any CPU
		{25C9C8AF-6495-4D01-9D18-4C53CECC2D2D}.Debug|Any CPU.ActiveCfg = Debug|Any CPU
		{25C9C8AF-6495-4D01-9D18-4C53CECC2D2D}.Debug|Any CPU.Build.0 = Debug|Any CPU
		{25C9C8AF-6495-4D01-9D18-4C53CECC2D2D}.Release|Any CPU.ActiveCfg = Release|Any CPU
		{25C9C8AF-6495-4D01-9D18-4C53CECC2D2D}.Release|Any CPU.Build.0 = Release|Any CPU
		{4608DE7D-F109-48CB-9634-E63AC8BE032C}.Debug|Any CPU.ActiveCfg = Debug|Any CPU
		{4608DE7D-F109-48CB-9634-E63AC8BE032C}.Debug|Any CPU.Build.0 = Debug|Any CPU
		{4608DE7D-F109-48CB-9634-E63AC8BE032C}.Release|Any CPU.ActiveCfg = Release|Any CPU
		{4608DE7D-F109-48CB-9634-E63AC8BE032C}.Release|Any CPU.Build.0 = Release|Any CPU
	EndGlobalSection
	GlobalSection(SolutionProperties) = preSolution
		HideSolutionNode = FALSE
	EndGlobalSection
EndGlobal
