
Microsoft Visual Studio Solution File, Format Version 12.00
# Visual Studio 2013
VisualStudioVersion = 12.0.21005.1
MinimumVisualStudioVersion = 10.0.40219.1
Project("{FAE04EC0-301F-11D3-BF4B-00C04F79EFBC}") = "P01–ExamSchedule", "P01–ExamSchedule\P01–ExamSchedule.csproj", "{E9C13526-F21E-4456-80E4-DD09BEBEB41B}"
EndProject
Project("{FAE04EC0-301F-11D3-BF4B-00C04F79EFBC}") = "P02–OddEvenElements", "P02–OddEvenElements\P02–OddEvenElements.csproj", "{97E3C557-D129-4F9E-8171-69EFD871DA89}"
EndProject
Project("{FAE04EC0-301F-11D3-BF4B-00C04F79EFBC}") = "P03–Arrow", "P03–Arrow\P03–Arrow.csproj", "{CC4C8332-95B7-4C77-80B7-D2B3E49C7C2C}"
EndProject
Global
	GlobalSection(SolutionConfigurationPlatforms) = preSolution
		Debug|Any CPU = Debug|Any CPU
		Release|Any CPU = Release|Any CPU
	EndGlobalSection
	GlobalSection(ProjectConfigurationPlatforms) = postSolution
		{E9C13526-F21E-4456-80E4-DD09BEBEB41B}.Debug|Any CPU.ActiveCfg = Debug|Any CPU
		{E9C13526-F21E-4456-80E4-DD09BEBEB41B}.Debug|Any CPU.Build.0 = Debug|Any CPU
		{E9C13526-F21E-4456-80E4-DD09BEBEB41B}.Release|Any CPU.ActiveCfg = Release|Any CPU
		{E9C13526-F21E-4456-80E4-DD09BEBEB41B}.Release|Any CPU.Build.0 = Release|Any CPU
		{97E3C557-D129-4F9E-8171-69EFD871DA89}.Debug|Any CPU.ActiveCfg = Debug|Any CPU
		{97E3C557-D129-4F9E-8171-69EFD871DA89}.Debug|Any CPU.Build.0 = Debug|Any CPU
		{97E3C557-D129-4F9E-8171-69EFD871DA89}.Release|Any CPU.ActiveCfg = Release|Any CPU
		{97E3C557-D129-4F9E-8171-69EFD871DA89}.Release|Any CPU.Build.0 = Release|Any CPU
		{CC4C8332-95B7-4C77-80B7-D2B3E49C7C2C}.Debug|Any CPU.ActiveCfg = Debug|Any CPU
		{CC4C8332-95B7-4C77-80B7-D2B3E49C7C2C}.Debug|Any CPU.Build.0 = Debug|Any CPU
		{CC4C8332-95B7-4C77-80B7-D2B3E49C7C2C}.Release|Any CPU.ActiveCfg = Release|Any CPU
		{CC4C8332-95B7-4C77-80B7-D2B3E49C7C2C}.Release|Any CPU.Build.0 = Release|Any CPU
	EndGlobalSection
	GlobalSection(SolutionProperties) = preSolution
		HideSolutionNode = FALSE
	EndGlobalSection
EndGlobal
