
Microsoft Visual Studio Solution File, Format Version 12.00
# Visual Studio 2013
VisualStudioVersion = 12.0.21005.1
MinimumVisualStudioVersion = 10.0.40219.1
Project("{FAE04EC0-301F-11D3-BF4B-00C04F79EFBC}") = "P01-FillTheMatrix", "P01-FillTheMatrix\P01-FillTheMatrix.csproj", "{591ABDC5-9E0B-4A82-8AA2-3C0FD3BCD638}"
EndProject
Project("{FAE04EC0-301F-11D3-BF4B-00C04F79EFBC}") = "P02-MaximalSum", "P02-MaximalSum\P02-MaximalSum.csproj", "{F4F0E015-8680-4915-97AE-3C3874112C91}"
EndProject
Global
	GlobalSection(SolutionConfigurationPlatforms) = preSolution
		Debug|Any CPU = Debug|Any CPU
		Release|Any CPU = Release|Any CPU
	EndGlobalSection
	GlobalSection(ProjectConfigurationPlatforms) = postSolution
		{591ABDC5-9E0B-4A82-8AA2-3C0FD3BCD638}.Debug|Any CPU.ActiveCfg = Debug|Any CPU
		{591ABDC5-9E0B-4A82-8AA2-3C0FD3BCD638}.Debug|Any CPU.Build.0 = Debug|Any CPU
		{591ABDC5-9E0B-4A82-8AA2-3C0FD3BCD638}.Release|Any CPU.ActiveCfg = Release|Any CPU
		{591ABDC5-9E0B-4A82-8AA2-3C0FD3BCD638}.Release|Any CPU.Build.0 = Release|Any CPU
		{F4F0E015-8680-4915-97AE-3C3874112C91}.Debug|Any CPU.ActiveCfg = Debug|Any CPU
		{F4F0E015-8680-4915-97AE-3C3874112C91}.Debug|Any CPU.Build.0 = Debug|Any CPU
		{F4F0E015-8680-4915-97AE-3C3874112C91}.Release|Any CPU.ActiveCfg = Release|Any CPU
		{F4F0E015-8680-4915-97AE-3C3874112C91}.Release|Any CPU.Build.0 = Release|Any CPU
	EndGlobalSection
	GlobalSection(SolutionProperties) = preSolution
		HideSolutionNode = FALSE
	EndGlobalSection
EndGlobal
