
Microsoft Visual Studio Solution File, Format Version 12.00
# Visual Studio 2013
VisualStudioVersion = 12.0.21005.1
MinimumVisualStudioVersion = 10.0.40219.1
Project("{FAE04EC0-301F-11D3-BF4B-00C04F79EFBC}") = "P01-PrimeFactorization", "P01-PrimeFactorization\P01-PrimeFactorization.csproj", "{E7266F19-D982-4DC7-B357-3E011BE2ABC2}"
EndProject
Project("{FAE04EC0-301F-11D3-BF4B-00C04F79EFBC}") = "P02-TheSieveOfEratosthenes", "P02-TheSieveOfEratosthenes\P02-TheSieveOfEratosthenes.csproj", "{5EF42BBA-0D40-480C-9E8E-A8A9C896D59F}"
EndProject
Project("{FAE04EC0-301F-11D3-BF4B-00C04F79EFBC}") = "P03-InsertionSort", "P03-InsertionSort\P03-InsertionSort.csproj", "{4F1A21DE-BB94-4A3D-898B-A52F888C05DC}"
EndProject
Project("{FAE04EC0-301F-11D3-BF4B-00C04F79EFBC}") = "P04-LinearAndBinarySearch", "P04-LinearAndBinarySearch\P04-LinearAndBinarySearch.csproj", "{6D4C6E28-8D20-44D9-87B9-40E7FE60A01E}"
EndProject
Global
	GlobalSection(SolutionConfigurationPlatforms) = preSolution
		Debug|Any CPU = Debug|Any CPU
		Release|Any CPU = Release|Any CPU
	EndGlobalSection
	GlobalSection(ProjectConfigurationPlatforms) = postSolution
		{E7266F19-D982-4DC7-B357-3E011BE2ABC2}.Debug|Any CPU.ActiveCfg = Debug|Any CPU
		{E7266F19-D982-4DC7-B357-3E011BE2ABC2}.Debug|Any CPU.Build.0 = Debug|Any CPU
		{E7266F19-D982-4DC7-B357-3E011BE2ABC2}.Release|Any CPU.ActiveCfg = Release|Any CPU
		{E7266F19-D982-4DC7-B357-3E011BE2ABC2}.Release|Any CPU.Build.0 = Release|Any CPU
		{5EF42BBA-0D40-480C-9E8E-A8A9C896D59F}.Debug|Any CPU.ActiveCfg = Debug|Any CPU
		{5EF42BBA-0D40-480C-9E8E-A8A9C896D59F}.Debug|Any CPU.Build.0 = Debug|Any CPU
		{5EF42BBA-0D40-480C-9E8E-A8A9C896D59F}.Release|Any CPU.ActiveCfg = Release|Any CPU
		{5EF42BBA-0D40-480C-9E8E-A8A9C896D59F}.Release|Any CPU.Build.0 = Release|Any CPU
		{4F1A21DE-BB94-4A3D-898B-A52F888C05DC}.Debug|Any CPU.ActiveCfg = Debug|Any CPU
		{4F1A21DE-BB94-4A3D-898B-A52F888C05DC}.Debug|Any CPU.Build.0 = Debug|Any CPU
		{4F1A21DE-BB94-4A3D-898B-A52F888C05DC}.Release|Any CPU.ActiveCfg = Release|Any CPU
		{4F1A21DE-BB94-4A3D-898B-A52F888C05DC}.Release|Any CPU.Build.0 = Release|Any CPU
		{6D4C6E28-8D20-44D9-87B9-40E7FE60A01E}.Debug|Any CPU.ActiveCfg = Debug|Any CPU
		{6D4C6E28-8D20-44D9-87B9-40E7FE60A01E}.Debug|Any CPU.Build.0 = Debug|Any CPU
		{6D4C6E28-8D20-44D9-87B9-40E7FE60A01E}.Release|Any CPU.ActiveCfg = Release|Any CPU
		{6D4C6E28-8D20-44D9-87B9-40E7FE60A01E}.Release|Any CPU.Build.0 = Release|Any CPU
	EndGlobalSection
	GlobalSection(SolutionProperties) = preSolution
		HideSolutionNode = FALSE
	EndGlobalSection
EndGlobal
