
Microsoft Visual Studio Solution File, Format Version 12.00
# Visual Studio 2013
VisualStudioVersion = 12.0.21005.1
MinimumVisualStudioVersion = 10.0.40219.1
Project("{FAE04EC0-301F-11D3-BF4B-00C04F79EFBC}") = "P01-NumbersFrom1ToN", "P01-NumbersFrom1ToN\P01-NumbersFrom1ToN.csproj", "{E5C05690-91A1-42A0-8797-250E19105592}"
EndProject
Project("{FAE04EC0-301F-11D3-BF4B-00C04F79EFBC}") = "P02-NumbersNotDivisibleBy3And7", "P02-NumbersNotDivisibleBy3And7\P02-NumbersNotDivisibleBy3And7.csproj", "{19FBDA64-57C2-4C8E-B51A-76C3DD9312E1}"
EndProject
Project("{FAE04EC0-301F-11D3-BF4B-00C04F79EFBC}") = "P03-MinMaxSumAndAverageOfNNumbers", "P03-MinMaxSumAndAverageOfNNumbers\P03-MinMaxSumAndAverageOfNNumbers.csproj", "{28E1F2A6-AEC5-4763-BAA4-0C019E9C1C62}"
EndProject
Project("{FAE04EC0-301F-11D3-BF4B-00C04F79EFBC}") = "P04-PrintADeckOf52Cards", "P04-PrintADeckOf52Cards\P04-PrintADeckOf52Cards.csproj", "{C7ECE55F-F08D-4864-8D2A-98270D6381F5}"
EndProject
Project("{FAE04EC0-301F-11D3-BF4B-00C04F79EFBC}") = "P12-RandomizeTheNumbers1N", "P12-RandomizeTheNumbers1N\P12-RandomizeTheNumbers1N.csproj", "{B2A4FC40-92CB-4800-A22C-DA9C01AB067A}"
EndProject
Global
	GlobalSection(SolutionConfigurationPlatforms) = preSolution
		Debug|Any CPU = Debug|Any CPU
		Release|Any CPU = Release|Any CPU
	EndGlobalSection
	GlobalSection(ProjectConfigurationPlatforms) = postSolution
		{E5C05690-91A1-42A0-8797-250E19105592}.Debug|Any CPU.ActiveCfg = Debug|Any CPU
		{E5C05690-91A1-42A0-8797-250E19105592}.Debug|Any CPU.Build.0 = Debug|Any CPU
		{E5C05690-91A1-42A0-8797-250E19105592}.Release|Any CPU.ActiveCfg = Release|Any CPU
		{E5C05690-91A1-42A0-8797-250E19105592}.Release|Any CPU.Build.0 = Release|Any CPU
		{19FBDA64-57C2-4C8E-B51A-76C3DD9312E1}.Debug|Any CPU.ActiveCfg = Debug|Any CPU
		{19FBDA64-57C2-4C8E-B51A-76C3DD9312E1}.Debug|Any CPU.Build.0 = Debug|Any CPU
		{19FBDA64-57C2-4C8E-B51A-76C3DD9312E1}.Release|Any CPU.ActiveCfg = Release|Any CPU
		{19FBDA64-57C2-4C8E-B51A-76C3DD9312E1}.Release|Any CPU.Build.0 = Release|Any CPU
		{28E1F2A6-AEC5-4763-BAA4-0C019E9C1C62}.Debug|Any CPU.ActiveCfg = Debug|Any CPU
		{28E1F2A6-AEC5-4763-BAA4-0C019E9C1C62}.Debug|Any CPU.Build.0 = Debug|Any CPU
		{28E1F2A6-AEC5-4763-BAA4-0C019E9C1C62}.Release|Any CPU.ActiveCfg = Release|Any CPU
		{28E1F2A6-AEC5-4763-BAA4-0C019E9C1C62}.Release|Any CPU.Build.0 = Release|Any CPU
		{C7ECE55F-F08D-4864-8D2A-98270D6381F5}.Debug|Any CPU.ActiveCfg = Debug|Any CPU
		{C7ECE55F-F08D-4864-8D2A-98270D6381F5}.Debug|Any CPU.Build.0 = Debug|Any CPU
		{C7ECE55F-F08D-4864-8D2A-98270D6381F5}.Release|Any CPU.ActiveCfg = Release|Any CPU
		{C7ECE55F-F08D-4864-8D2A-98270D6381F5}.Release|Any CPU.Build.0 = Release|Any CPU
		{B2A4FC40-92CB-4800-A22C-DA9C01AB067A}.Debug|Any CPU.ActiveCfg = Debug|Any CPU
		{B2A4FC40-92CB-4800-A22C-DA9C01AB067A}.Debug|Any CPU.Build.0 = Debug|Any CPU
		{B2A4FC40-92CB-4800-A22C-DA9C01AB067A}.Release|Any CPU.ActiveCfg = Release|Any CPU
		{B2A4FC40-92CB-4800-A22C-DA9C01AB067A}.Release|Any CPU.Build.0 = Release|Any CPU
	EndGlobalSection
	GlobalSection(SolutionProperties) = preSolution
		HideSolutionNode = FALSE
	EndGlobalSection
EndGlobal
