
Microsoft Visual Studio Solution File, Format Version 12.00
# Visual Studio 2013
VisualStudioVersion = 12.0.21005.1
MinimumVisualStudioVersion = 10.0.40219.1
Project("{FAE04EC0-301F-11D3-BF4B-00C04F79EFBC}") = "P01-DifferenceBetweenDates", "P01-DifferenceBetweenDates\P01-DifferenceBetweenDates.csproj", "{A60A3882-E123-447D-B808-AE61F9626A74}"
EndProject
Project("{FAE04EC0-301F-11D3-BF4B-00C04F79EFBC}") = "P02-SortingNumbers", "P02-SortingNumbers\P02-SortingNumbers.csproj", "{0BE344FD-5880-494D-AC5B-F2F08BEF246B}"
EndProject
Global
	GlobalSection(SolutionConfigurationPlatforms) = preSolution
		Debug|Any CPU = Debug|Any CPU
		Release|Any CPU = Release|Any CPU
	EndGlobalSection
	GlobalSection(ProjectConfigurationPlatforms) = postSolution
		{A60A3882-E123-447D-B808-AE61F9626A74}.Debug|Any CPU.ActiveCfg = Debug|Any CPU
		{A60A3882-E123-447D-B808-AE61F9626A74}.Debug|Any CPU.Build.0 = Debug|Any CPU
		{A60A3882-E123-447D-B808-AE61F9626A74}.Release|Any CPU.ActiveCfg = Release|Any CPU
		{A60A3882-E123-447D-B808-AE61F9626A74}.Release|Any CPU.Build.0 = Release|Any CPU
		{0BE344FD-5880-494D-AC5B-F2F08BEF246B}.Debug|Any CPU.ActiveCfg = Debug|Any CPU
		{0BE344FD-5880-494D-AC5B-F2F08BEF246B}.Debug|Any CPU.Build.0 = Debug|Any CPU
		{0BE344FD-5880-494D-AC5B-F2F08BEF246B}.Release|Any CPU.ActiveCfg = Release|Any CPU
		{0BE344FD-5880-494D-AC5B-F2F08BEF246B}.Release|Any CPU.Build.0 = Release|Any CPU
	EndGlobalSection
	GlobalSection(SolutionProperties) = preSolution
		HideSolutionNode = FALSE
	EndGlobalSection
EndGlobal
