
Microsoft Visual Studio Solution File, Format Version 12.00
# Visual Studio 2013
VisualStudioVersion = 12.0.21005.1
MinimumVisualStudioVersion = 10.0.40219.1
Project("{FAE04EC0-301F-11D3-BF4B-00C04F79EFBC}") = "P04-HelloCSharp", "Intro-Programming-Homework\P04-HelloCSharp.csproj", "{B954974E-A224-4A8F-A267-B85A78E6A3F1}"
EndProject
Project("{FAE04EC0-301F-11D3-BF4B-00C04F79EFBC}") = "P05-PrintMyName", "ConsoleApplication1\P05-PrintMyName.csproj", "{EEE458D6-EFB3-4727-ACF5-0010B80D294A}"
EndProject
Project("{FAE04EC0-301F-11D3-BF4B-00C04F79EFBC}") = "P06-PrintNumbers", "PrintNumbers\P06-PrintNumbers.csproj", "{E65E1207-2513-47B5-8F03-F46AA22E6992}"
EndProject
Project("{FAE04EC0-301F-11D3-BF4B-00C04F79EFBC}") = "P07-PrintFirstAndLastName", "PrintFirstAndLastName\P07-PrintFirstAndLastName.csproj", "{8F666E09-42FB-4D3C-A23D-FDA56233247E}"
EndProject
Project("{FAE04EC0-301F-11D3-BF4B-00C04F79EFBC}") = "P08-SquareRoot", "P08-SquareRoot\P08-SquareRoot.csproj", "{648FCCBC-1668-4F76-A915-8F5229C58DDA}"
EndProject
Project("{FAE04EC0-301F-11D3-BF4B-00C04F79EFBC}") = "P09-PrintSequence", "P09-PrintSequence\P09-PrintSequence.csproj", "{F1901554-BA02-48AE-A6D7-70C4B3E3236C}"
EndProject
Project("{FAE04EC0-301F-11D3-BF4B-00C04F79EFBC}") = "P10-PascalCase", "P10-PascalCase\P10-PascalCase.csproj", "{F334541C-060C-4CF4-8094-4EE4F339A87E}"
EndProject
Project("{FAE04EC0-301F-11D3-BF4B-00C04F79EFBC}") = "P14-CurrentDateTime", "P14-CurrentDateTime\P14-CurrentDateTime.csproj", "{5932AD90-2627-4B41-B7FE-05AA497A1A08}"
EndProject
Project("{FAE04EC0-301F-11D3-BF4B-00C04F79EFBC}") = "P15-AgeAfter10Years", "P15-AgeAfter10Years\P15-AgeAfter10Years.csproj", "{9EA95D49-A10F-4F38-AED3-EC552E9116F3}"
EndProject
Project("{FAE04EC0-301F-11D3-BF4B-00C04F79EFBC}") = "P16-PrintLongSequence", "P16-PrintLongSequence\P16-PrintLongSequence.csproj", "{C3662ACC-8020-4883-873A-9E74F6E832C7}"
EndProject
Project("{FAE04EC0-301F-11D3-BF4B-00C04F79EFBC}") = "P17-DebuggerTest", "P17-DebuggerTest\P17-DebuggerTest.csproj", "{DB5D0DB4-43D9-4BD4-A77E-713F4C4B4766}"
EndProject
Global
	GlobalSection(SolutionConfigurationPlatforms) = preSolution
		Debug|Any CPU = Debug|Any CPU
		Release|Any CPU = Release|Any CPU
	EndGlobalSection
	GlobalSection(ProjectConfigurationPlatforms) = postSolution
		{B954974E-A224-4A8F-A267-B85A78E6A3F1}.Debug|Any CPU.ActiveCfg = Debug|Any CPU
		{B954974E-A224-4A8F-A267-B85A78E6A3F1}.Debug|Any CPU.Build.0 = Debug|Any CPU
		{B954974E-A224-4A8F-A267-B85A78E6A3F1}.Release|Any CPU.ActiveCfg = Release|Any CPU
		{B954974E-A224-4A8F-A267-B85A78E6A3F1}.Release|Any CPU.Build.0 = Release|Any CPU
		{EEE458D6-EFB3-4727-ACF5-0010B80D294A}.Debug|Any CPU.ActiveCfg = Debug|Any CPU
		{EEE458D6-EFB3-4727-ACF5-0010B80D294A}.Debug|Any CPU.Build.0 = Debug|Any CPU
		{EEE458D6-EFB3-4727-ACF5-0010B80D294A}.Release|Any CPU.ActiveCfg = Release|Any CPU
		{EEE458D6-EFB3-4727-ACF5-0010B80D294A}.Release|Any CPU.Build.0 = Release|Any CPU
		{E65E1207-2513-47B5-8F03-F46AA22E6992}.Debug|Any CPU.ActiveCfg = Debug|Any CPU
		{E65E1207-2513-47B5-8F03-F46AA22E6992}.Debug|Any CPU.Build.0 = Debug|Any CPU
		{E65E1207-2513-47B5-8F03-F46AA22E6992}.Release|Any CPU.ActiveCfg = Release|Any CPU
		{E65E1207-2513-47B5-8F03-F46AA22E6992}.Release|Any CPU.Build.0 = Release|Any CPU
		{8F666E09-42FB-4D3C-A23D-FDA56233247E}.Debug|Any CPU.ActiveCfg = Debug|Any CPU
		{8F666E09-42FB-4D3C-A23D-FDA56233247E}.Debug|Any CPU.Build.0 = Debug|Any CPU
		{8F666E09-42FB-4D3C-A23D-FDA56233247E}.Release|Any CPU.ActiveCfg = Release|Any CPU
		{8F666E09-42FB-4D3C-A23D-FDA56233247E}.Release|Any CPU.Build.0 = Release|Any CPU
		{648FCCBC-1668-4F76-A915-8F5229C58DDA}.Debug|Any CPU.ActiveCfg = Debug|Any CPU
		{648FCCBC-1668-4F76-A915-8F5229C58DDA}.Debug|Any CPU.Build.0 = Debug|Any CPU
		{648FCCBC-1668-4F76-A915-8F5229C58DDA}.Release|Any CPU.ActiveCfg = Release|Any CPU
		{648FCCBC-1668-4F76-A915-8F5229C58DDA}.Release|Any CPU.Build.0 = Release|Any CPU
		{F1901554-BA02-48AE-A6D7-70C4B3E3236C}.Debug|Any CPU.ActiveCfg = Debug|Any CPU
		{F1901554-BA02-48AE-A6D7-70C4B3E3236C}.Debug|Any CPU.Build.0 = Debug|Any CPU
		{F1901554-BA02-48AE-A6D7-70C4B3E3236C}.Release|Any CPU.ActiveCfg = Release|Any CPU
		{F1901554-BA02-48AE-A6D7-70C4B3E3236C}.Release|Any CPU.Build.0 = Release|Any CPU
		{F334541C-060C-4CF4-8094-4EE4F339A87E}.Debug|Any CPU.ActiveCfg = Debug|Any CPU
		{F334541C-060C-4CF4-8094-4EE4F339A87E}.Debug|Any CPU.Build.0 = Debug|Any CPU
		{F334541C-060C-4CF4-8094-4EE4F339A87E}.Release|Any CPU.ActiveCfg = Release|Any CPU
		{F334541C-060C-4CF4-8094-4EE4F339A87E}.Release|Any CPU.Build.0 = Release|Any CPU
		{5932AD90-2627-4B41-B7FE-05AA497A1A08}.Debug|Any CPU.ActiveCfg = Debug|Any CPU
		{5932AD90-2627-4B41-B7FE-05AA497A1A08}.Debug|Any CPU.Build.0 = Debug|Any CPU
		{5932AD90-2627-4B41-B7FE-05AA497A1A08}.Release|Any CPU.ActiveCfg = Release|Any CPU
		{5932AD90-2627-4B41-B7FE-05AA497A1A08}.Release|Any CPU.Build.0 = Release|Any CPU
		{9EA95D49-A10F-4F38-AED3-EC552E9116F3}.Debug|Any CPU.ActiveCfg = Debug|Any CPU
		{9EA95D49-A10F-4F38-AED3-EC552E9116F3}.Debug|Any CPU.Build.0 = Debug|Any CPU
		{9EA95D49-A10F-4F38-AED3-EC552E9116F3}.Release|Any CPU.ActiveCfg = Release|Any CPU
		{9EA95D49-A10F-4F38-AED3-EC552E9116F3}.Release|Any CPU.Build.0 = Release|Any CPU
		{C3662ACC-8020-4883-873A-9E74F6E832C7}.Debug|Any CPU.ActiveCfg = Debug|Any CPU
		{C3662ACC-8020-4883-873A-9E74F6E832C7}.Debug|Any CPU.Build.0 = Debug|Any CPU
		{C3662ACC-8020-4883-873A-9E74F6E832C7}.Release|Any CPU.ActiveCfg = Release|Any CPU
		{C3662ACC-8020-4883-873A-9E74F6E832C7}.Release|Any CPU.Build.0 = Release|Any CPU
		{DB5D0DB4-43D9-4BD4-A77E-713F4C4B4766}.Debug|Any CPU.ActiveCfg = Debug|Any CPU
		{DB5D0DB4-43D9-4BD4-A77E-713F4C4B4766}.Debug|Any CPU.Build.0 = Debug|Any CPU
		{DB5D0DB4-43D9-4BD4-A77E-713F4C4B4766}.Release|Any CPU.ActiveCfg = Release|Any CPU
		{DB5D0DB4-43D9-4BD4-A77E-713F4C4B4766}.Release|Any CPU.Build.0 = Release|Any CPU
	EndGlobalSection
	GlobalSection(SolutionProperties) = preSolution
		HideSolutionNode = FALSE
	EndGlobalSection
EndGlobal
